
Microsoft Visual Studio Solution File, Format Version 12.00
# Visual Studio Version 16
VisualStudioVersion = 16.0.29926.136
MinimumVisualStudioVersion = 10.0.40219.1
Project("{FAE04EC0-301F-11D3-BF4B-00C04F79EFBC}") = "Exerc_FixacaoMatriz", "Exerc_FixacaoMatriz\Exerc_FixacaoMatriz.csproj", "{27AA4B0B-5B41-4C37-8703-16F2603577EE}"
EndProject
Global
	GlobalSection(SolutionConfigurationPlatforms) = preSolution
		Debug|Any CPU = Debug|Any CPU
		Release|Any CPU = Release|Any CPU
	EndGlobalSection
	GlobalSection(ProjectConfigurationPlatforms) = postSolution
		{27AA4B0B-5B41-4C37-8703-16F2603577EE}.Debug|Any CPU.ActiveCfg = Debug|Any CPU
		{27AA4B0B-5B41-4C37-8703-16F2603577EE}.Debug|Any CPU.Build.0 = Debug|Any CPU
		{27AA4B0B-5B41-4C37-8703-16F2603577EE}.Release|Any CPU.ActiveCfg = Release|Any CPU
		{27AA4B0B-5B41-4C37-8703-16F2603577EE}.Release|Any CPU.Build.0 = Release|Any CPU
	EndGlobalSection
	GlobalSection(SolutionProperties) = preSolution
		HideSolutionNode = FALSE
	EndGlobalSection
	GlobalSection(ExtensibilityGlobals) = postSolution
		SolutionGuid = {E2CDEF24-8A31-435B-8CB1-C564F924149D}
	EndGlobalSection
EndGlobal
